
Microsoft Visual Studio Solution File, Format Version 12.00
# Visual Studio Version 17
VisualStudioVersion = 17.5.002.0
MinimumVisualStudioVersion = 10.0.40219.1
Project("{9A19103F-16F7-4668-BE54-9A1E7A4F7556}") = "HomeTasks", "HomeTasks\HomeTasks.csproj", "{36583FCA-CF61-446A-85D6-57C3E86BE061}"
EndProject
Project("{9A19103F-16F7-4668-BE54-9A1E7A4F7556}") = "Lectures", "Lectures\Lectures.csproj", "{2D8AC3C2-EF50-42C0-983A-70191DF0ADDB}"
EndProject
Global
	GlobalSection(SolutionConfigurationPlatforms) = preSolution
		Debug|Any CPU = Debug|Any CPU
		Release|Any CPU = Release|Any CPU
	EndGlobalSection
	GlobalSection(ProjectConfigurationPlatforms) = postSolution
		{36583FCA-CF61-446A-85D6-57C3E86BE061}.Debug|Any CPU.ActiveCfg = Debug|Any CPU
		{36583FCA-CF61-446A-85D6-57C3E86BE061}.Debug|Any CPU.Build.0 = Debug|Any CPU
		{36583FCA-CF61-446A-85D6-57C3E86BE061}.Release|Any CPU.ActiveCfg = Release|Any CPU
		{36583FCA-CF61-446A-85D6-57C3E86BE061}.Release|Any CPU.Build.0 = Release|Any CPU
		{2D8AC3C2-EF50-42C0-983A-70191DF0ADDB}.Debug|Any CPU.ActiveCfg = Debug|Any CPU
		{2D8AC3C2-EF50-42C0-983A-70191DF0ADDB}.Debug|Any CPU.Build.0 = Debug|Any CPU
		{2D8AC3C2-EF50-42C0-983A-70191DF0ADDB}.Release|Any CPU.ActiveCfg = Release|Any CPU
		{2D8AC3C2-EF50-42C0-983A-70191DF0ADDB}.Release|Any CPU.Build.0 = Release|Any CPU
	EndGlobalSection
	GlobalSection(SolutionProperties) = preSolution
		HideSolutionNode = FALSE
	EndGlobalSection
	GlobalSection(ExtensibilityGlobals) = postSolution
		SolutionGuid = {05DADF7F-F4AB-40F3-97DA-0A3A7CB110EC}
	EndGlobalSection
EndGlobal
